
Microsoft Visual Studio Solution File, Format Version 12.00
# Visual Studio Version 16
VisualStudioVersion = 16.0.30626.31
MinimumVisualStudioVersion = 10.0.40219.1
Project("{FAE04EC0-301F-11D3-BF4B-00C04F79EFBC}") = "CardGames.Core", "CardGames.Core\CardGames.Core.csproj", "{1233C3AB-F0CC-4DEA-8BA3-E3F38FE99494}"
EndProject
Project("{FAE04EC0-301F-11D3-BF4B-00C04F79EFBC}") = "CardGames.Tests", "CardGames.Tests\CardGames.Tests.csproj", "{F9CC79A9-DBBD-4A89-B43C-A65EDB528603}"
EndProject
Project("{FAE04EC0-301F-11D3-BF4B-00C04F79EFBC}") = "CardGames.WinForms", "CardGames.WinForms\CardGames.WinForms.csproj", "{07968E4D-287D-4CF6-89B0-7B0FE6EDCA91}"
EndProject
Global
	GlobalSection(SolutionConfigurationPlatforms) = preSolution
		Debug|Any CPU = Debug|Any CPU
		Release|Any CPU = Release|Any CPU
	EndGlobalSection
	GlobalSection(ProjectConfigurationPlatforms) = postSolution
		{1233C3AB-F0CC-4DEA-8BA3-E3F38FE99494}.Debug|Any CPU.ActiveCfg = Debug|Any CPU
		{1233C3AB-F0CC-4DEA-8BA3-E3F38FE99494}.Debug|Any CPU.Build.0 = Debug|Any CPU
		{1233C3AB-F0CC-4DEA-8BA3-E3F38FE99494}.Release|Any CPU.ActiveCfg = Release|Any CPU
		{1233C3AB-F0CC-4DEA-8BA3-E3F38FE99494}.Release|Any CPU.Build.0 = Release|Any CPU
		{F9CC79A9-DBBD-4A89-B43C-A65EDB528603}.Debug|Any CPU.ActiveCfg = Debug|Any CPU
		{F9CC79A9-DBBD-4A89-B43C-A65EDB528603}.Debug|Any CPU.Build.0 = Debug|Any CPU
		{F9CC79A9-DBBD-4A89-B43C-A65EDB528603}.Release|Any CPU.ActiveCfg = Release|Any CPU
		{F9CC79A9-DBBD-4A89-B43C-A65EDB528603}.Release|Any CPU.Build.0 = Release|Any CPU
		{07968E4D-287D-4CF6-89B0-7B0FE6EDCA91}.Debug|Any CPU.ActiveCfg = Debug|Any CPU
		{07968E4D-287D-4CF6-89B0-7B0FE6EDCA91}.Debug|Any CPU.Build.0 = Debug|Any CPU
		{07968E4D-287D-4CF6-89B0-7B0FE6EDCA91}.Release|Any CPU.ActiveCfg = Release|Any CPU
		{07968E4D-287D-4CF6-89B0-7B0FE6EDCA91}.Release|Any CPU.Build.0 = Release|Any CPU
	EndGlobalSection
	GlobalSection(SolutionProperties) = preSolution
		HideSolutionNode = FALSE
	EndGlobalSection
	GlobalSection(ExtensibilityGlobals) = postSolution
		SolutionGuid = {8B34C8E1-5101-4844-B343-D15A2EC070A8}
	EndGlobalSection
EndGlobal
